
Microsoft Visual Studio Solution File, Format Version 12.00
# Visual Studio 15
VisualStudioVersion = 15.0.26730.16
MinimumVisualStudioVersion = 10.0.40219.1
Project("{FAE04EC0-301F-11D3-BF4B-00C04F79EFBC}") = "Bot Application4", "Bot Application4\Bot Application4.csproj", "{8D690DC1-CC9A-47B1-98B1-58CBED5F579D}"
EndProject
Global
	GlobalSection(SolutionConfigurationPlatforms) = preSolution
		Debug|Any CPU = Debug|Any CPU
		Release|Any CPU = Release|Any CPU
	EndGlobalSection
	GlobalSection(ProjectConfigurationPlatforms) = postSolution
		{8D690DC1-CC9A-47B1-98B1-58CBED5F579D}.Debug|Any CPU.ActiveCfg = Debug|Any CPU
		{8D690DC1-CC9A-47B1-98B1-58CBED5F579D}.Debug|Any CPU.Build.0 = Debug|Any CPU
		{8D690DC1-CC9A-47B1-98B1-58CBED5F579D}.Release|Any CPU.ActiveCfg = Release|Any CPU
		{8D690DC1-CC9A-47B1-98B1-58CBED5F579D}.Release|Any CPU.Build.0 = Release|Any CPU
	EndGlobalSection
	GlobalSection(SolutionProperties) = preSolution
		HideSolutionNode = FALSE
	EndGlobalSection
	GlobalSection(ExtensibilityGlobals) = postSolution
		SolutionGuid = {2913C6AC-D51E-4479-8048-41EA940D142B}
	EndGlobalSection
EndGlobal
